
Microsoft Visual Studio Solution File, Format Version 12.00
# Visual Studio Version 17
VisualStudioVersion = 17.11.35312.102
MinimumVisualStudioVersion = 10.0.40219.1
Project("{FAE04EC0-301F-11D3-BF4B-00C04F79EFBC}") = "WKFTournamentIS", "WKFTournamentIS.csproj", "{DA904A48-4ECF-4FEF-B6BD-BE70739508BB}"
EndProject
Global
	GlobalSection(SolutionConfigurationPlatforms) = preSolution
		Debug|Any CPU = Debug|Any CPU
		Release|Any CPU = Release|Any CPU
	EndGlobalSection
	GlobalSection(ProjectConfigurationPlatforms) = postSolution
		{DA904A48-4ECF-4FEF-B6BD-BE70739508BB}.Debug|Any CPU.ActiveCfg = Debug|Any CPU
		{DA904A48-4ECF-4FEF-B6BD-BE70739508BB}.Debug|Any CPU.Build.0 = Debug|Any CPU
		{DA904A48-4ECF-4FEF-B6BD-BE70739508BB}.Release|Any CPU.ActiveCfg = Release|Any CPU
		{DA904A48-4ECF-4FEF-B6BD-BE70739508BB}.Release|Any CPU.Build.0 = Release|Any CPU
	EndGlobalSection
	GlobalSection(SolutionProperties) = preSolution
		HideSolutionNode = FALSE
	EndGlobalSection
	GlobalSection(ExtensibilityGlobals) = postSolution
		SolutionGuid = {051407E9-A02C-4423-8C4C-26AEF389073D}
	EndGlobalSection
EndGlobal
